
Microsoft Visual Studio Solution File, Format Version 12.00
# Visual Studio Version 17
VisualStudioVersion = 17.13.35818.85
MinimumVisualStudioVersion = 10.0.40219.1
Project("{8BC9CEB8-8B4A-11D0-8D11-00A0C91BC942}") = "Moose", "Moose\Moose.vcxproj", "{0C33D1B7-ED16-48C2-B26F-B1306E13EDA8}"
	ProjectSection(ProjectDependencies) = postProject
		{09198858-C5A4-4E2B-8189-80B63D930296} = {09198858-C5A4-4E2B-8189-80B63D930296}
	EndProjectSection
EndProject
Project("{8BC9CEB8-8B4A-11D0-8D11-00A0C91BC942}") = "MooseCoreLib", "MooseCoreLib\MooseCoreLib.vcxproj", "{09198858-C5A4-4E2B-8189-80B63D930296}"
EndProject
Project("{FAE04EC0-301F-11D3-BF4B-00C04F79EFBC}") = "MooseCommon", "MooseCommon\MooseCommon.csproj", "{7A262AD9-4028-E5E7-F37A-7D15612A33A7}"
	ProjectSection(ProjectDependencies) = postProject
		{09198858-C5A4-4E2B-8189-80B63D930296} = {09198858-C5A4-4E2B-8189-80B63D930296}
	EndProjectSection
EndProject
Project("{FAE04EC0-301F-11D3-BF4B-00C04F79EFBC}") = "MooseNet", "MooseNet\MooseNet.csproj", "{C647AEF4-6532-F273-DD77-E357FCCA6684}"
EndProject
Project("{FAE04EC0-301F-11D3-BF4B-00C04F79EFBC}") = "MooseGh", "MooseGh\MooseGh.csproj", "{32F491AE-731D-841C-2AB7-4873110211B0}"
EndProject
Project("{2150E333-8FDC-42A3-9474-1A3956D46DE8}") = "Libraries", "Libraries", "{02EA681E-C7D8-13C7-8484-4AC65E1B71E8}"
EndProject
Project("{2150E333-8FDC-42A3-9474-1A3956D46DE8}") = "Plug-ins", "Plug-ins", "{EC830B82-1B3D-433C-9863-F79F4315392A}"
EndProject
Global
	GlobalSection(SolutionConfigurationPlatforms) = preSolution
		Debug|Any CPU = Debug|Any CPU
		Debug|x64 = Debug|x64
		Release|Any CPU = Release|Any CPU
		Release|x64 = Release|x64
	EndGlobalSection
	GlobalSection(ProjectConfigurationPlatforms) = postSolution
		{0C33D1B7-ED16-48C2-B26F-B1306E13EDA8}.Debug|Any CPU.ActiveCfg = Debug|x64
		{0C33D1B7-ED16-48C2-B26F-B1306E13EDA8}.Debug|Any CPU.Build.0 = Debug|x64
		{0C33D1B7-ED16-48C2-B26F-B1306E13EDA8}.Debug|x64.ActiveCfg = Debug|x64
		{0C33D1B7-ED16-48C2-B26F-B1306E13EDA8}.Debug|x64.Build.0 = Debug|x64
		{0C33D1B7-ED16-48C2-B26F-B1306E13EDA8}.Release|Any CPU.ActiveCfg = Release|x64
		{0C33D1B7-ED16-48C2-B26F-B1306E13EDA8}.Release|Any CPU.Build.0 = Release|x64
		{0C33D1B7-ED16-48C2-B26F-B1306E13EDA8}.Release|x64.ActiveCfg = Release|x64
		{0C33D1B7-ED16-48C2-B26F-B1306E13EDA8}.Release|x64.Build.0 = Release|x64
		{09198858-C5A4-4E2B-8189-80B63D930296}.Debug|Any CPU.ActiveCfg = Debug|x64
		{09198858-C5A4-4E2B-8189-80B63D930296}.Debug|Any CPU.Build.0 = Debug|x64
		{09198858-C5A4-4E2B-8189-80B63D930296}.Debug|x64.ActiveCfg = Debug|x64
		{09198858-C5A4-4E2B-8189-80B63D930296}.Debug|x64.Build.0 = Debug|x64
		{09198858-C5A4-4E2B-8189-80B63D930296}.Release|Any CPU.ActiveCfg = Release|x64
		{09198858-C5A4-4E2B-8189-80B63D930296}.Release|Any CPU.Build.0 = Release|x64
		{09198858-C5A4-4E2B-8189-80B63D930296}.Release|x64.ActiveCfg = Release|x64
		{09198858-C5A4-4E2B-8189-80B63D930296}.Release|x64.Build.0 = Release|x64
		{7A262AD9-4028-E5E7-F37A-7D15612A33A7}.Debug|Any CPU.ActiveCfg = Debug|Any CPU
		{7A262AD9-4028-E5E7-F37A-7D15612A33A7}.Debug|Any CPU.Build.0 = Debug|Any CPU
		{7A262AD9-4028-E5E7-F37A-7D15612A33A7}.Debug|x64.ActiveCfg = Debug|Any CPU
		{7A262AD9-4028-E5E7-F37A-7D15612A33A7}.Debug|x64.Build.0 = Debug|Any CPU
		{7A262AD9-4028-E5E7-F37A-7D15612A33A7}.Release|Any CPU.ActiveCfg = Release|Any CPU
		{7A262AD9-4028-E5E7-F37A-7D15612A33A7}.Release|Any CPU.Build.0 = Release|Any CPU
		{7A262AD9-4028-E5E7-F37A-7D15612A33A7}.Release|x64.ActiveCfg = Release|Any CPU
		{7A262AD9-4028-E5E7-F37A-7D15612A33A7}.Release|x64.Build.0 = Release|Any CPU
		{C647AEF4-6532-F273-DD77-E357FCCA6684}.Debug|Any CPU.ActiveCfg = Debug|Any CPU
		{C647AEF4-6532-F273-DD77-E357FCCA6684}.Debug|Any CPU.Build.0 = Debug|Any CPU
		{C647AEF4-6532-F273-DD77-E357FCCA6684}.Debug|x64.ActiveCfg = Debug|Any CPU
		{C647AEF4-6532-F273-DD77-E357FCCA6684}.Debug|x64.Build.0 = Debug|Any CPU
		{C647AEF4-6532-F273-DD77-E357FCCA6684}.Release|Any CPU.ActiveCfg = Release|Any CPU
		{C647AEF4-6532-F273-DD77-E357FCCA6684}.Release|Any CPU.Build.0 = Release|Any CPU
		{C647AEF4-6532-F273-DD77-E357FCCA6684}.Release|x64.ActiveCfg = Release|Any CPU
		{C647AEF4-6532-F273-DD77-E357FCCA6684}.Release|x64.Build.0 = Release|Any CPU
		{32F491AE-731D-841C-2AB7-4873110211B0}.Debug|Any CPU.ActiveCfg = Debug|Any CPU
		{32F491AE-731D-841C-2AB7-4873110211B0}.Debug|Any CPU.Build.0 = Debug|Any CPU
		{32F491AE-731D-841C-2AB7-4873110211B0}.Debug|x64.ActiveCfg = Debug|Any CPU
		{32F491AE-731D-841C-2AB7-4873110211B0}.Debug|x64.Build.0 = Debug|Any CPU
		{32F491AE-731D-841C-2AB7-4873110211B0}.Release|Any CPU.ActiveCfg = Release|Any CPU
		{32F491AE-731D-841C-2AB7-4873110211B0}.Release|Any CPU.Build.0 = Release|Any CPU
		{32F491AE-731D-841C-2AB7-4873110211B0}.Release|x64.ActiveCfg = Release|Any CPU
		{32F491AE-731D-841C-2AB7-4873110211B0}.Release|x64.Build.0 = Release|Any CPU
	EndGlobalSection
	GlobalSection(SolutionProperties) = preSolution
		HideSolutionNode = FALSE
	EndGlobalSection
	GlobalSection(NestedProjects) = preSolution
		{0C33D1B7-ED16-48C2-B26F-B1306E13EDA8} = {EC830B82-1B3D-433C-9863-F79F4315392A}
		{09198858-C5A4-4E2B-8189-80B63D930296} = {02EA681E-C7D8-13C7-8484-4AC65E1B71E8}
		{7A262AD9-4028-E5E7-F37A-7D15612A33A7} = {02EA681E-C7D8-13C7-8484-4AC65E1B71E8}
		{C647AEF4-6532-F273-DD77-E357FCCA6684} = {EC830B82-1B3D-433C-9863-F79F4315392A}
		{32F491AE-731D-841C-2AB7-4873110211B0} = {EC830B82-1B3D-433C-9863-F79F4315392A}
	EndGlobalSection
	GlobalSection(ExtensibilityGlobals) = postSolution
		SolutionGuid = {468BB6E7-2FF5-421E-BEFB-A31BC93B738A}
	EndGlobalSection
EndGlobal
